
Microsoft Visual Studio Solution File, Format Version 11.00
# Visual Studio 2010
Project("{FAE04EC0-301F-11D3-BF4B-00C04F79EFBC}") = "Sharchive", "Sharchive\Sharchive.csproj", "{F7DAA22D-298A-4FD5-9B1E-D4DB5855B8FF}"
EndProject
Project("{FAE04EC0-301F-11D3-BF4B-00C04F79EFBC}") = "Sharchive.UnitTest", "Sharchive.UnitTest\Sharchive.UnitTest.csproj", "{6B2C721C-46FF-494C-AAE5-F6CC09C80794}"
EndProject
Project("{2150E333-8FDC-42A3-9474-1A3956D46DE8}") = "3rdparty", "3rdparty", "{57A4D502-1C97-4130-A2DB-1829EBA31245}"
EndProject
Project("{2150E333-8FDC-42A3-9474-1A3956D46DE8}") = "Configuration", "Configuration", "{D22A2AF6-9A03-444B-9C25-9523CE24C727}"
	ProjectSection(SolutionItems) = preProject
		Configuration\log4net.config = Configuration\log4net.config
	EndProjectSection
EndProject
Global
	GlobalSection(SolutionConfigurationPlatforms) = preSolution
		Debug|Any CPU = Debug|Any CPU
		Release|Any CPU = Release|Any CPU
	EndGlobalSection
	GlobalSection(ProjectConfigurationPlatforms) = postSolution
		{6B2C721C-46FF-494C-AAE5-F6CC09C80794}.Debug|Any CPU.ActiveCfg = Debug|Any CPU
		{6B2C721C-46FF-494C-AAE5-F6CC09C80794}.Debug|Any CPU.Build.0 = Debug|Any CPU
		{6B2C721C-46FF-494C-AAE5-F6CC09C80794}.Release|Any CPU.ActiveCfg = Release|Any CPU
		{6B2C721C-46FF-494C-AAE5-F6CC09C80794}.Release|Any CPU.Build.0 = Release|Any CPU
		{F7DAA22D-298A-4FD5-9B1E-D4DB5855B8FF}.Debug|Any CPU.ActiveCfg = Debug|Any CPU
		{F7DAA22D-298A-4FD5-9B1E-D4DB5855B8FF}.Debug|Any CPU.Build.0 = Debug|Any CPU
		{F7DAA22D-298A-4FD5-9B1E-D4DB5855B8FF}.Release|Any CPU.ActiveCfg = Release|Any CPU
		{F7DAA22D-298A-4FD5-9B1E-D4DB5855B8FF}.Release|Any CPU.Build.0 = Release|Any CPU
	EndGlobalSection
	GlobalSection(NestedProjects) = preSolution
	EndGlobalSection
	GlobalSection(MonoDevelopProperties) = preSolution
		StartupItem = Sharchive\Sharchive.csproj
		Policies = $0
		$0.ChangeLogPolicy = $1
		$1.UpdateMode = ProjectRoot
		$1.MessageStyle = $2
		$2.LineAlign = 0
		$1.inheritsSet = Mono
		$0.DotNetNamingPolicy = $3
		$3.DirectoryNamespaceAssociation = PrefixedHierarchical
		$3.ResourceNamePolicy = MSBuild
	EndGlobalSection
EndGlobal
